// !$*UTF8*$!
{
	archiveVersion = 1;
	classes = {
	};
	objectVersion = 50;
	objects = {

/* Begin PBXBuildFile section */
		6C08E01F22CEE4D800B9BF87 /* AppDelegate.swift in Sources */ = {isa = PBXBuildFile; fileRef = 6C08E01E22CEE4D800B9BF87 /* AppDelegate.swift */; };
		6C08E02122CEE4D800B9BF87 /* ViewController.swift in Sources */ = {isa = PBXBuildFile; fileRef = 6C08E02022CEE4D800B9BF87 /* ViewController.swift */; };
		6C08E02422CEE4D800B9BF87 /* Main.storyboard in Resources */ = {isa = PBXBuildFile; fileRef = 6C08E02222CEE4D800B9BF87 /* Main.storyboard */; };
		6C08E02622CEE4DB00B9BF87 /* Assets.xcassets in Resources */ = {isa = PBXBuildFile; fileRef = 6C08E02522CEE4DB00B9BF87 /* Assets.xcassets */; };
		6C08E02922CEE4DB00B9BF87 /* LaunchScreen.storyboard in Resources */ = {isa = PBXBuildFile; fileRef = 6C08E02722CEE4DB00B9BF87 /* LaunchScreen.storyboard */; };
		6C08E03722CEE88800B9BF87 /* AppDelegate.swift in Sources */ = {isa = PBXBuildFile; fileRef = 6C08E03622CEE88800B9BF87 /* AppDelegate.swift */; };
		6C08E03922CEE88800B9BF87 /* ViewController.swift in Sources */ = {isa = PBXBuildFile; fileRef = 6C08E03822CEE88800B9BF87 /* ViewController.swift */; };
		6C08E03C22CEE88800B9BF87 /* Main.storyboard in Resources */ = {isa = PBXBuildFile; fileRef = 6C08E03A22CEE88800B9BF87 /* Main.storyboard */; };
		6C08E04122CEE88C00B9BF87 /* LaunchScreen.storyboard in Resources */ = {isa = PBXBuildFile; fileRef = 6C08E03F22CEE88C00B9BF87 /* LaunchScreen.storyboard */; };
		6C08E04722CEE8A200B9BF87 /* Assets.xcassets in Resources */ = {isa = PBXBuildFile; fileRef = 6C08E02522CEE4DB00B9BF87 /* Assets.xcassets */; };
		6C18E65222CEE98E00804675 /* LoginStoryboard.storyboard in Resources */ = {isa = PBXBuildFile; fileRef = 6C18E65122CEE98E00804675 /* LoginStoryboard.storyboard */; };
		6C18E65522CEEBA400804675 /* Colors.xcassets in Resources */ = {isa = PBXBuildFile; fileRef = 6C18E65422CEEBA400804675 /* Colors.xcassets */; };
		6C18E65722CEEBEA00804675 /* Color+Extension.swift in Sources */ = {isa = PBXBuildFile; fileRef = 6C18E65622CEEBEA00804675 /* Color+Extension.swift */; };
		6C18E65822CEEC4B00804675 /* Colors.xcassets in Resources */ = {isa = PBXBuildFile; fileRef = 6C18E65422CEEBA400804675 /* Colors.xcassets */; };
		6C18E65922CEEC4E00804675 /* Color+Extension.swift in Sources */ = {isa = PBXBuildFile; fileRef = 6C18E65622CEEBEA00804675 /* Color+Extension.swift */; };
/* End PBXBuildFile section */

/* Begin PBXFileReference section */
		6C08E01B22CEE4D800B9BF87 /* Artable.app */ = {isa = PBXFileReference; explicitFileType = wrapper.application; includeInIndex = 0; path = Artable.app; sourceTree = BUILT_PRODUCTS_DIR; };
		6C08E01E22CEE4D800B9BF87 /* AppDelegate.swift */ = {isa = PBXFileReference; lastKnownFileType = sourcecode.swift; path = AppDelegate.swift; sourceTree = "<group>"; };
		6C08E02022CEE4D800B9BF87 /* ViewController.swift */ = {isa = PBXFileReference; lastKnownFileType = sourcecode.swift; path = ViewController.swift; sourceTree = "<group>"; };
		6C08E02322CEE4D800B9BF87 /* Base */ = {isa = PBXFileReference; lastKnownFileType = file.storyboard; name = Base; path = Base.lproj/Main.storyboard; sourceTree = "<group>"; };
		6C08E02522CEE4DB00B9BF87 /* Assets.xcassets */ = {isa = PBXFileReference; lastKnownFileType = folder.assetcatalog; path = Assets.xcassets; sourceTree = "<group>"; };
		6C08E02822CEE4DB00B9BF87 /* Base */ = {isa = PBXFileReference; lastKnownFileType = file.storyboard; name = Base; path = Base.lproj/LaunchScreen.storyboard; sourceTree = "<group>"; };
		6C08E02A22CEE4DB00B9BF87 /* Info.plist */ = {isa = PBXFileReference; lastKnownFileType = text.plist.xml; path = Info.plist; sourceTree = "<group>"; };
		6C08E03422CEE88700B9BF87 /* ArtableAdmin.app */ = {isa = PBXFileReference; explicitFileType = wrapper.application; includeInIndex = 0; path = ArtableAdmin.app; sourceTree = BUILT_PRODUCTS_DIR; };
		6C08E03622CEE88800B9BF87 /* AppDelegate.swift */ = {isa = PBXFileReference; lastKnownFileType = sourcecode.swift; path = AppDelegate.swift; sourceTree = "<group>"; };
		6C08E03822CEE88800B9BF87 /* ViewController.swift */ = {isa = PBXFileReference; lastKnownFileType = sourcecode.swift; path = ViewController.swift; sourceTree = "<group>"; };
		6C08E03B22CEE88800B9BF87 /* Base */ = {isa = PBXFileReference; lastKnownFileType = file.storyboard; name = Base; path = Base.lproj/Main.storyboard; sourceTree = "<group>"; };
		6C08E04022CEE88C00B9BF87 /* Base */ = {isa = PBXFileReference; lastKnownFileType = file.storyboard; name = Base; path = Base.lproj/LaunchScreen.storyboard; sourceTree = "<group>"; };
		6C08E04222CEE88C00B9BF87 /* Info.plist */ = {isa = PBXFileReference; lastKnownFileType = text.plist.xml; path = Info.plist; sourceTree = "<group>"; };
		6C18E65122CEE98E00804675 /* LoginStoryboard.storyboard */ = {isa = PBXFileReference; lastKnownFileType = file.storyboard; path = LoginStoryboard.storyboard; sourceTree = "<group>"; };
		6C18E65422CEEBA400804675 /* Colors.xcassets */ = {isa = PBXFileReference; lastKnownFileType = folder.assetcatalog; path = Colors.xcassets; sourceTree = "<group>"; };
		6C18E65622CEEBEA00804675 /* Color+Extension.swift */ = {isa = PBXFileReference; lastKnownFileType = sourcecode.swift; path = "Color+Extension.swift"; sourceTree = "<group>"; };
/* End PBXFileReference section */

/* Begin PBXFrameworksBuildPhase section */
		6C08E01822CEE4D800B9BF87 /* Frameworks */ = {
			isa = PBXFrameworksBuildPhase;
			buildActionMask = 2147483647;
			files = (
			);
			runOnlyForDeploymentPostprocessing = 0;
		};
		6C08E03122CEE88700B9BF87 /* Frameworks */ = {
			isa = PBXFrameworksBuildPhase;
			buildActionMask = 2147483647;
			files = (
			);
			runOnlyForDeploymentPostprocessing = 0;
		};
/* End PBXFrameworksBuildPhase section */

/* Begin PBXGroup section */
		6C08E01222CEE4D800B9BF87 = {
			isa = PBXGroup;
			children = (
				6C08E04622CEE89300B9BF87 /* Shared */,
				6C08E01D22CEE4D800B9BF87 /* Artable */,
				6C08E03522CEE88800B9BF87 /* ArtableAdmin */,
				6C08E01C22CEE4D800B9BF87 /* Products */,
			);
			sourceTree = "<group>";
		};
		6C08E01C22CEE4D800B9BF87 /* Products */ = {
			isa = PBXGroup;
			children = (
				6C08E01B22CEE4D800B9BF87 /* Artable.app */,
				6C08E03422CEE88700B9BF87 /* ArtableAdmin.app */,
			);
			name = Products;
			sourceTree = "<group>";
		};
		6C08E01D22CEE4D800B9BF87 /* Artable */ = {
			isa = PBXGroup;
			children = (
				6C08E01E22CEE4D800B9BF87 /* AppDelegate.swift */,
				6C08E02022CEE4D800B9BF87 /* ViewController.swift */,
				6C18E65122CEE98E00804675 /* LoginStoryboard.storyboard */,
				6C08E02222CEE4D800B9BF87 /* Main.storyboard */,
				6C08E02722CEE4DB00B9BF87 /* LaunchScreen.storyboard */,
				6C08E02A22CEE4DB00B9BF87 /* Info.plist */,
			);
			path = Artable;
			sourceTree = "<group>";
		};
		6C08E03522CEE88800B9BF87 /* ArtableAdmin */ = {
			isa = PBXGroup;
			children = (
				6C08E03622CEE88800B9BF87 /* AppDelegate.swift */,
				6C08E03822CEE88800B9BF87 /* ViewController.swift */,
				6C08E03A22CEE88800B9BF87 /* Main.storyboard */,
				6C08E03F22CEE88C00B9BF87 /* LaunchScreen.storyboard */,
				6C08E04222CEE88C00B9BF87 /* Info.plist */,
			);
			path = ArtableAdmin;
			sourceTree = "<group>";
		};
		6C08E04622CEE89300B9BF87 /* Shared */ = {
			isa = PBXGroup;
			children = (
				6C08E02522CEE4DB00B9BF87 /* Assets.xcassets */,
				6C18E65422CEEBA400804675 /* Colors.xcassets */,
				6C18E65622CEEBEA00804675 /* Color+Extension.swift */,
			);
			path = Shared;
			sourceTree = "<group>";
		};
/* End PBXGroup section */

/* Begin PBXNativeTarget section */
		6C08E01A22CEE4D800B9BF87 /* Artable */ = {
			isa = PBXNativeTarget;
			buildConfigurationList = 6C08E02D22CEE4DB00B9BF87 /* Build configuration list for PBXNativeTarget "Artable" */;
			buildPhases = (
				6C08E01722CEE4D800B9BF87 /* Sources */,
				6C08E01822CEE4D800B9BF87 /* Frameworks */,
				6C08E01922CEE4D800B9BF87 /* Resources */,
			);
			buildRules = (
			);
			dependencies = (
			);
			name = Artable;
			productName = Artable;
			productReference = 6C08E01B22CEE4D800B9BF87 /* Artable.app */;
			productType = "com.apple.product-type.application";
		};
		6C08E03322CEE88700B9BF87 /* ArtableAdmin */ = {
			isa = PBXNativeTarget;
			buildConfigurationList = 6C08E04322CEE88C00B9BF87 /* Build configuration list for PBXNativeTarget "ArtableAdmin" */;
			buildPhases = (
				6C08E03022CEE88700B9BF87 /* Sources */,
				6C08E03122CEE88700B9BF87 /* Frameworks */,
				6C08E03222CEE88700B9BF87 /* Resources */,
			);
			buildRules = (
			);
			dependencies = (
			);
			name = ArtableAdmin;
			productName = ArtableAdmin;
			productReference = 6C08E03422CEE88700B9BF87 /* ArtableAdmin.app */;
			productType = "com.apple.product-type.application";
		};
/* End PBXNativeTarget section */

/* Begin PBXProject section */
		6C08E01322CEE4D800B9BF87 /* Project object */ = {
			isa = PBXProject;
			attributes = {
				LastSwiftUpdateCheck = 1020;
				LastUpgradeCheck = 1020;
				ORGANIZATIONNAME = Appdelight;
				TargetAttributes = {
					6C08E01A22CEE4D800B9BF87 = {
						CreatedOnToolsVersion = 10.2.1;
					};
					6C08E03322CEE88700B9BF87 = {
						CreatedOnToolsVersion = 10.2.1;
					};
				};
			};
			buildConfigurationList = 6C08E01622CEE4D800B9BF87 /* Build configuration list for PBXProject "Artable" */;
			compatibilityVersion = "Xcode 9.3";
			developmentRegion = en;
			hasScannedForEncodings = 0;
			knownRegions = (
				en,
				Base,
			);
			mainGroup = 6C08E01222CEE4D800B9BF87;
			productRefGroup = 6C08E01C22CEE4D800B9BF87 /* Products */;
			projectDirPath = "";
			projectRoot = "";
			targets = (
				6C08E01A22CEE4D800B9BF87 /* Artable */,
				6C08E03322CEE88700B9BF87 /* ArtableAdmin */,
			);
		};
/* End PBXProject section */

/* Begin PBXResourcesBuildPhase section */
		6C08E01922CEE4D800B9BF87 /* Resources */ = {
			isa = PBXResourcesBuildPhase;
			buildActionMask = 2147483647;
			files = (
				6C18E65522CEEBA400804675 /* Colors.xcassets in Resources */,
				6C08E02922CEE4DB00B9BF87 /* LaunchScreen.storyboard in Resources */,
				6C08E02622CEE4DB00B9BF87 /* Assets.xcassets in Resources */,
				6C08E02422CEE4D800B9BF87 /* Main.storyboard in Resources */,
				6C18E65222CEE98E00804675 /* LoginStoryboard.storyboard in Resources */,
			);
			runOnlyForDeploymentPostprocessing = 0;
		};
		6C08E03222CEE88700B9BF87 /* Resources */ = {
			isa = PBXResourcesBuildPhase;
			buildActionMask = 2147483647;
			files = (
				6C08E04122CEE88C00B9BF87 /* LaunchScreen.storyboard in Resources */,
				6C18E65822CEEC4B00804675 /* Colors.xcassets in Resources */,
				6C08E04722CEE8A200B9BF87 /* Assets.xcassets in Resources */,
				6C08E03C22CEE88800B9BF87 /* Main.storyboard in Resources */,
			);
			runOnlyForDeploymentPostprocessing = 0;
		};
/* End PBXResourcesBuildPhase section */

/* Begin PBXSourcesBuildPhase section */
		6C08E01722CEE4D800B9BF87 /* Sources */ = {
			isa = PBXSourcesBuildPhase;
			buildActionMask = 2147483647;
			files = (
				6C08E02122CEE4D800B9BF87 /* ViewController.swift in Sources */,
				6C18E65722CEEBEA00804675 /* Color+Extension.swift in Sources */,
				6C08E01F22CEE4D800B9BF87 /* AppDelegate.swift in Sources */,
			);
			runOnlyForDeploymentPostprocessing = 0;
		};
		6C08E03022CEE88700B9BF87 /* Sources */ = {
			isa = PBXSourcesBuildPhase;
			buildActionMask = 2147483647;
			files = (
				6C08E03922CEE88800B9BF87 /* ViewController.swift in Sources */,
				6C18E65922CEEC4E00804675 /* Color+Extension.swift in Sources */,
				6C08E03722CEE88800B9BF87 /* AppDelegate.swift in Sources */,
			);
			runOnlyForDeploymentPostprocessing = 0;
		};
/* End PBXSourcesBuildPhase section */

/* Begin PBXVariantGroup section */
		6C08E02222CEE4D800B9BF87 /* Main.storyboard */ = {
			isa = PBXVariantGroup;
			children = (
				6C08E02322CEE4D800B9BF87 /* Base */,
			);
			name = Main.storyboard;
			sourceTree = "<group>";
		};
		6C08E02722CEE4DB00B9BF87 /* LaunchScreen.storyboard */ = {
			isa = PBXVariantGroup;
			children = (
				6C08E02822CEE4DB00B9BF87 /* Base */,
			);
			name = LaunchScreen.storyboard;
			sourceTree = "<group>";
		};
		6C08E03A22CEE88800B9BF87 /* Main.storyboard */ = {
			isa = PBXVariantGroup;
			children = (
				6C08E03B22CEE88800B9BF87 /* Base */,
			);
			name = Main.storyboard;
			sourceTree = "<group>";
		};
		6C08E03F22CEE88C00B9BF87 /* LaunchScreen.storyboard */ = {
			isa = PBXVariantGroup;
			children = (
				6C08E04022CEE88C00B9BF87 /* Base */,
			);
			name = LaunchScreen.storyboard;
			sourceTree = "<group>";
		};
/* End PBXVariantGroup section */

/* Begin XCBuildConfiguration section */
		6C08E02B22CEE4DB00B9BF87 /* Debug */ = {
			isa = XCBuildConfiguration;
			buildSettings = {
				ALWAYS_SEARCH_USER_PATHS = NO;
				CLANG_ANALYZER_NONNULL = YES;
				CLANG_ANALYZER_NUMBER_OBJECT_CONVERSION = YES_AGGRESSIVE;
				CLANG_CXX_LANGUAGE_STANDARD = "gnu++14";
				CLANG_CXX_LIBRARY = "libc++";
				CLANG_ENABLE_MODULES = YES;
				CLANG_ENABLE_OBJC_ARC = YES;
				CLANG_ENABLE_OBJC_WEAK = YES;
				CLANG_WARN_BLOCK_CAPTURE_AUTORELEASING = YES;
				CLANG_WARN_BOOL_CONVERSION = YES;
				CLANG_WARN_COMMA = YES;
				CLANG_WARN_CONSTANT_CONVERSION = YES;
				CLANG_WARN_DEPRECATED_OBJC_IMPLEMENTATIONS = YES;
				CLANG_WARN_DIRECT_OBJC_ISA_USAGE = YES_ERROR;
				CLANG_WARN_DOCUMENTATION_COMMENTS = YES;
				CLANG_WARN_EMPTY_BODY = YES;
				CLANG_WARN_ENUM_CONVERSION = YES;
				CLANG_WARN_INFINITE_RECURSION = YES;
				CLANG_WARN_INT_CONVERSION = YES;
				CLANG_WARN_NON_LITERAL_NULL_CONVERSION = YES;
				CLANG_WARN_OBJC_IMPLICIT_RETAIN_SELF = YES;
				CLANG_WARN_OBJC_LITERAL_CONVERSION = YES;
				CLANG_WARN_OBJC_ROOT_CLASS = YES_ERROR;
				CLANG_WARN_RANGE_LOOP_ANALYSIS = YES;
				CLANG_WARN_STRICT_PROTOTYPES = YES;
				CLANG_WARN_SUSPICIOUS_MOVE = YES;
				CLANG_WARN_UNGUARDED_AVAILABILITY = YES_AGGRESSIVE;
				CLANG_WARN_UNREACHABLE_CODE = YES;
				CLANG_WARN__DUPLICATE_METHOD_MATCH = YES;
				CODE_SIGN_IDENTITY = "iPhone Developer";
				COPY_PHASE_STRIP = NO;
				DEBUG_INFORMATION_FORMAT = dwarf;
				ENABLE_STRICT_OBJC_MSGSEND = YES;
				ENABLE_TESTABILITY = YES;
				GCC_C_LANGUAGE_STANDARD = gnu11;
				GCC_DYNAMIC_NO_PIC = NO;
				GCC_NO_COMMON_BLOCKS = YES;
				GCC_OPTIMIZATION_LEVEL = 0;
				GCC_PREPROCESSOR_DEFINITIONS = (
					"DEBUG=1",
					"$(inherited)",
				);
				GCC_WARN_64_TO_32_BIT_CONVERSION = YES;
				GCC_WARN_ABOUT_RETURN_TYPE = YES_ERROR;
				GCC_WARN_UNDECLARED_SELECTOR = YES;
				GCC_WARN_UNINITIALIZED_AUTOS = YES_AGGRESSIVE;
				GCC_WARN_UNUSED_FUNCTION = YES;
				GCC_WARN_UNUSED_VARIABLE = YES;
				IPHONEOS_DEPLOYMENT_TARGET = 12.2;
				MTL_ENABLE_DEBUG_INFO = INCLUDE_SOURCE;
				MTL_FAST_MATH = YES;
				ONLY_ACTIVE_ARCH = YES;
				SDKROOT = iphoneos;
				SWIFT_ACTIVE_COMPILATION_CONDITIONS = DEBUG;
				SWIFT_OPTIMIZATION_LEVEL = "-Onone";
			};
			name = Debug;
		};
		6C08E02C22CEE4DB00B9BF87 /* Release */ = {
			isa = XCBuildConfiguration;
			buildSettings = {
				ALWAYS_SEARCH_USER_PATHS = NO;
				CLANG_ANALYZER_NONNULL = YES;
				CLANG_ANALYZER_NUMBER_OBJECT_CONVERSION = YES_AGGRESSIVE;
				CLANG_CXX_LANGUAGE_STANDARD = "gnu++14";
				CLANG_CXX_LIBRARY = "libc++";
				CLANG_ENABLE_MODULES = YES;
				CLANG_ENABLE_OBJC_ARC = YES;
				CLANG_ENABLE_OBJC_WEAK = YES;
				CLANG_WARN_BLOCK_CAPTURE_AUTORELEASING = YES;
				CLANG_WARN_BOOL_CONVERSION = YES;
				CLANG_WARN_COMMA = YES;
				CLANG_WARN_CONSTANT_CONVERSION = YES;
				CLANG_WARN_DEPRECATED_OBJC_IMPLEMENTATIONS = YES;
				CLANG_WARN_DIRECT_OBJC_ISA_USAGE = YES_ERROR;
				CLANG_WARN_DOCUMENTATION_COMMENTS = YES;
				CLANG_WARN_EMPTY_BODY = YES;
				CLANG_WARN_ENUM_CONVERSION = YES;
				CLANG_WARN_INFINITE_RECURSION = YES;
				CLANG_WARN_INT_CONVERSION = YES;
				CLANG_WARN_NON_LITERAL_NULL_CONVERSION = YES;
				CLANG_WARN_OBJC_IMPLICIT_RETAIN_SELF = YES;
				CLANG_WARN_OBJC_LITERAL_CONVERSION = YES;
				CLANG_WARN_OBJC_ROOT_CLASS = YES_ERROR;
				CLANG_WARN_RANGE_LOOP_ANALYSIS = YES;
				CLANG_WARN_STRICT_PROTOTYPES = YES;
				CLANG_WARN_SUSPICIOUS_MOVE = YES;
				CLANG_WARN_UNGUARDED_AVAILABILITY = YES_AGGRESSIVE;
				CLANG_WARN_UNREACHABLE_CODE = YES;
				CLANG_WARN__DUPLICATE_METHOD_MATCH = YES;
				CODE_SIGN_IDENTITY = "iPhone Developer";
				COPY_PHASE_STRIP = NO;
				DEBUG_INFORMATION_FORMAT = "dwarf-with-dsym";
				ENABLE_NS_ASSERTIONS = NO;
				ENABLE_STRICT_OBJC_MSGSEND = YES;
				GCC_C_LANGUAGE_STANDARD = gnu11;
				GCC_NO_COMMON_BLOCKS = YES;
				GCC_WARN_64_TO_32_BIT_CONVERSION = YES;
				GCC_WARN_ABOUT_RETURN_TYPE = YES_ERROR;
				GCC_WARN_UNDECLARED_SELECTOR = YES;
				GCC_WARN_UNINITIALIZED_AUTOS = YES_AGGRESSIVE;
				GCC_WARN_UNUSED_FUNCTION = YES;
				GCC_WARN_UNUSED_VARIABLE = YES;
				IPHONEOS_DEPLOYMENT_TARGET = 12.2;
				MTL_ENABLE_DEBUG_INFO = NO;
				MTL_FAST_MATH = YES;
				SDKROOT = iphoneos;
				SWIFT_COMPILATION_MODE = wholemodule;
				SWIFT_OPTIMIZATION_LEVEL = "-O";
				VALIDATE_PRODUCT = YES;
			};
			name = Release;
		};
		6C08E02E22CEE4DB00B9BF87 /* Debug */ = {
			isa = XCBuildConfiguration;
			buildSettings = {
				ASSETCATALOG_COMPILER_APPICON_NAME = AppIcon;
				CODE_SIGN_STYLE = Automatic;
				DEVELOPMENT_TEAM = 58B9M9NL9X;
				INFOPLIST_FILE = Artable/Info.plist;
				LD_RUNPATH_SEARCH_PATHS = (
					"$(inherited)",
					"@executable_path/Frameworks",
				);
				PRODUCT_BUNDLE_IDENTIFIER = com.appdelight.Artable;
				PRODUCT_NAME = "$(TARGET_NAME)";
				SWIFT_VERSION = 5.0;
				TARGETED_DEVICE_FAMILY = "1,2";
			};
			name = Debug;
		};
		6C08E02F22CEE4DB00B9BF87 /* Release */ = {
			isa = XCBuildConfiguration;
			buildSettings = {
				ASSETCATALOG_COMPILER_APPICON_NAME = AppIcon;
				CODE_SIGN_STYLE = Automatic;
				DEVELOPMENT_TEAM = 58B9M9NL9X;
				INFOPLIST_FILE = Artable/Info.plist;
				LD_RUNPATH_SEARCH_PATHS = (
					"$(inherited)",
					"@executable_path/Frameworks",
				);
				PRODUCT_BUNDLE_IDENTIFIER = com.appdelight.Artable;
				PRODUCT_NAME = "$(TARGET_NAME)";
				SWIFT_VERSION = 5.0;
				TARGETED_DEVICE_FAMILY = "1,2";
			};
			name = Release;
		};
		6C08E04422CEE88C00B9BF87 /* Debug */ = {
			isa = XCBuildConfiguration;
			buildSettings = {
				ASSETCATALOG_COMPILER_APPICON_NAME = AppIcon;
				CODE_SIGN_STYLE = Automatic;
				DEVELOPMENT_TEAM = 58B9M9NL9X;
				INFOPLIST_FILE = ArtableAdmin/Info.plist;
				LD_RUNPATH_SEARCH_PATHS = (
					"$(inherited)",
					"@executable_path/Frameworks",
				);
				PRODUCT_BUNDLE_IDENTIFIER = com.appdelight.ArtableAdmin;
				PRODUCT_NAME = "$(TARGET_NAME)";
				SWIFT_VERSION = 5.0;
				TARGETED_DEVICE_FAMILY = "1,2";
			};
			name = Debug;
		};
		6C08E04522CEE88C00B9BF87 /* Release */ = {
			isa = XCBuildConfiguration;
			buildSettings = {
				ASSETCATALOG_COMPILER_APPICON_NAME = AppIcon;
				CODE_SIGN_STYLE = Automatic;
				DEVELOPMENT_TEAM = 58B9M9NL9X;
				INFOPLIST_FILE = ArtableAdmin/Info.plist;
				LD_RUNPATH_SEARCH_PATHS = (
					"$(inherited)",
					"@executable_path/Frameworks",
				);
				PRODUCT_BUNDLE_IDENTIFIER = com.appdelight.ArtableAdmin;
				PRODUCT_NAME = "$(TARGET_NAME)";
				SWIFT_VERSION = 5.0;
				TARGETED_DEVICE_FAMILY = "1,2";
			};
			name = Release;
		};
/* End XCBuildConfiguration section */

/* Begin XCConfigurationList section */
		6C08E01622CEE4D800B9BF87 /* Build configuration list for PBXProject "Artable" */ = {
			isa = XCConfigurationList;
			buildConfigurations = (
				6C08E02B22CEE4DB00B9BF87 /* Debug */,
				6C08E02C22CEE4DB00B9BF87 /* Release */,
			);
			defaultConfigurationIsVisible = 0;
			defaultConfigurationName = Release;
		};
		6C08E02D22CEE4DB00B9BF87 /* Build configuration list for PBXNativeTarget "Artable" */ = {
			isa = XCConfigurationList;
			buildConfigurations = (
				6C08E02E22CEE4DB00B9BF87 /* Debug */,
				6C08E02F22CEE4DB00B9BF87 /* Release */,
			);
			defaultConfigurationIsVisible = 0;
			defaultConfigurationName = Release;
		};
		6C08E04322CEE88C00B9BF87 /* Build configuration list for PBXNativeTarget "ArtableAdmin" */ = {
			isa = XCConfigurationList;
			buildConfigurations = (
				6C08E04422CEE88C00B9BF87 /* Debug */,
				6C08E04522CEE88C00B9BF87 /* Release */,
			);
			defaultConfigurationIsVisible = 0;
			defaultConfigurationName = Release;
		};
/* End XCConfigurationList section */
	};
	rootObject = 6C08E01322CEE4D800B9BF87 /* Project object */;
}
